
Microsoft Visual Studio Solution File, Format Version 12.00
# Visual Studio Version 16
VisualStudioVersion = 16.0.30413.136
MinimumVisualStudioVersion = 10.0.40219.1
Project("{FAE04EC0-301F-11D3-BF4B-00C04F79EFBC}") = "Restriction", "Restriction\Restriction.csproj", "{01AFC18C-FEA1-4DCE-B4D8-B8DC98FB9B01}"
EndProject
Global
	GlobalSection(SolutionConfigurationPlatforms) = preSolution
		Debug|Any CPU = Debug|Any CPU
		Release|Any CPU = Release|Any CPU
	EndGlobalSection
	GlobalSection(ProjectConfigurationPlatforms) = postSolution
		{01AFC18C-FEA1-4DCE-B4D8-B8DC98FB9B01}.Debug|Any CPU.ActiveCfg = Debug|Any CPU
		{01AFC18C-FEA1-4DCE-B4D8-B8DC98FB9B01}.Debug|Any CPU.Build.0 = Debug|Any CPU
		{01AFC18C-FEA1-4DCE-B4D8-B8DC98FB9B01}.Release|Any CPU.ActiveCfg = Release|Any CPU
		{01AFC18C-FEA1-4DCE-B4D8-B8DC98FB9B01}.Release|Any CPU.Build.0 = Release|Any CPU
	EndGlobalSection
	GlobalSection(SolutionProperties) = preSolution
		HideSolutionNode = FALSE
	EndGlobalSection
	GlobalSection(ExtensibilityGlobals) = postSolution
		SolutionGuid = {A5E3D471-A7C7-4C53-8C57-B858BF33CACE}
	EndGlobalSection
EndGlobal
